
Microsoft Visual Studio Solution File, Format Version 12.00
# Visual Studio Version 16
VisualStudioVersion = 16.0.29424.173
MinimumVisualStudioVersion = 10.0.40219.1
Project("{FAE04EC0-301F-11D3-BF4B-00C04F79EFBC}") = "EnumTest", "EnumTest.csproj", "{D2A4ABF4-9A1A-4FC6-A897-E21B4B657ABF}"
EndProject
Global
	GlobalSection(SolutionConfigurationPlatforms) = preSolution
		Debug|Any CPU = Debug|Any CPU
		Release|Any CPU = Release|Any CPU
	EndGlobalSection
	GlobalSection(ProjectConfigurationPlatforms) = postSolution
		{D2A4ABF4-9A1A-4FC6-A897-E21B4B657ABF}.Debug|Any CPU.ActiveCfg = Debug|Any CPU
		{D2A4ABF4-9A1A-4FC6-A897-E21B4B657ABF}.Debug|Any CPU.Build.0 = Debug|Any CPU
		{D2A4ABF4-9A1A-4FC6-A897-E21B4B657ABF}.Release|Any CPU.ActiveCfg = Release|Any CPU
		{D2A4ABF4-9A1A-4FC6-A897-E21B4B657ABF}.Release|Any CPU.Build.0 = Release|Any CPU
	EndGlobalSection
	GlobalSection(SolutionProperties) = preSolution
		HideSolutionNode = FALSE
	EndGlobalSection
	GlobalSection(ExtensibilityGlobals) = postSolution
		SolutionGuid = {9F4A63C7-3BA7-4ED9-8C5F-8A9223DAA134}
	EndGlobalSection
EndGlobal
