
Microsoft Visual Studio Solution File, Format Version 12.00
# Visual Studio Version 16
VisualStudioVersion = 16.0.29424.173
MinimumVisualStudioVersion = 10.0.40219.1
Project("{FAE04EC0-301F-11D3-BF4B-00C04F79EFBC}") = "ExceptionTest", "ExceptionTest.csproj", "{5D5CD66A-8ED6-4B26-89FE-A39548EF6C53}"
EndProject
Global
	GlobalSection(SolutionConfigurationPlatforms) = preSolution
		Debug|Any CPU = Debug|Any CPU
		Release|Any CPU = Release|Any CPU
	EndGlobalSection
	GlobalSection(ProjectConfigurationPlatforms) = postSolution
		{5D5CD66A-8ED6-4B26-89FE-A39548EF6C53}.Debug|Any CPU.ActiveCfg = Debug|Any CPU
		{5D5CD66A-8ED6-4B26-89FE-A39548EF6C53}.Debug|Any CPU.Build.0 = Debug|Any CPU
		{5D5CD66A-8ED6-4B26-89FE-A39548EF6C53}.Release|Any CPU.ActiveCfg = Release|Any CPU
		{5D5CD66A-8ED6-4B26-89FE-A39548EF6C53}.Release|Any CPU.Build.0 = Release|Any CPU
	EndGlobalSection
	GlobalSection(SolutionProperties) = preSolution
		HideSolutionNode = FALSE
	EndGlobalSection
	GlobalSection(ExtensibilityGlobals) = postSolution
		SolutionGuid = {3E0534AB-83AF-4CE3-9818-D8C8612F2A54}
	EndGlobalSection
EndGlobal
