
Microsoft Visual Studio Solution File, Format Version 12.00
# Visual Studio Version 16
VisualStudioVersion = 16.0.29424.173
MinimumVisualStudioVersion = 10.0.40219.1
Project("{FAE04EC0-301F-11D3-BF4B-00C04F79EFBC}") = "VariablesTest", "VariablesTest.csproj", "{861EFC08-947F-4EA4-B078-2B0C50A71EC6}"
EndProject
Global
	GlobalSection(SolutionConfigurationPlatforms) = preSolution
		Debug|Any CPU = Debug|Any CPU
		Release|Any CPU = Release|Any CPU
	EndGlobalSection
	GlobalSection(ProjectConfigurationPlatforms) = postSolution
		{861EFC08-947F-4EA4-B078-2B0C50A71EC6}.Debug|Any CPU.ActiveCfg = Debug|Any CPU
		{861EFC08-947F-4EA4-B078-2B0C50A71EC6}.Debug|Any CPU.Build.0 = Debug|Any CPU
		{861EFC08-947F-4EA4-B078-2B0C50A71EC6}.Release|Any CPU.ActiveCfg = Release|Any CPU
		{861EFC08-947F-4EA4-B078-2B0C50A71EC6}.Release|Any CPU.Build.0 = Release|Any CPU
	EndGlobalSection
	GlobalSection(SolutionProperties) = preSolution
		HideSolutionNode = FALSE
	EndGlobalSection
	GlobalSection(ExtensibilityGlobals) = postSolution
		SolutionGuid = {A703AA18-151D-451C-AB56-453F7FB44806}
	EndGlobalSection
EndGlobal
